
Microsoft Visual Studio Solution File, Format Version 12.00
# Visual Studio Version 17
VisualStudioVersion = 17.5.33530.505
MinimumVisualStudioVersion = 10.0.40219.1
Project("{9A19103F-16F7-4668-BE54-9A1E7A4F7556}") = "ElvUiUpdater", "ElvUiUpdater.csproj", "{A53F7530-15A8-400D-9E2A-19DCE94C7F2B}"
EndProject
Global
	GlobalSection(SolutionConfigurationPlatforms) = preSolution
		Debug|Any CPU = Debug|Any CPU
		Release|Any CPU = Release|Any CPU
	EndGlobalSection
	GlobalSection(ProjectConfigurationPlatforms) = postSolution
		{A53F7530-15A8-400D-9E2A-19DCE94C7F2B}.Debug|Any CPU.ActiveCfg = Debug|Any CPU
		{A53F7530-15A8-400D-9E2A-19DCE94C7F2B}.Debug|Any CPU.Build.0 = Debug|Any CPU
		{A53F7530-15A8-400D-9E2A-19DCE94C7F2B}.Release|Any CPU.ActiveCfg = Release|Any CPU
		{A53F7530-15A8-400D-9E2A-19DCE94C7F2B}.Release|Any CPU.Build.0 = Release|Any CPU
	EndGlobalSection
	GlobalSection(SolutionProperties) = preSolution
		HideSolutionNode = FALSE
	EndGlobalSection
	GlobalSection(ExtensibilityGlobals) = postSolution
		SolutionGuid = {D231D562-516E-4FD4-B9DB-0988BF4EAD34}
	EndGlobalSection
EndGlobal
